
Microsoft Visual Studio Solution File, Format Version 12.00
# Visual Studio Version 17
VisualStudioVersion = 17.2.32505.173
MinimumVisualStudioVersion = 10.0.40219.1
Project("{8BC9CEB8-8B4A-11D0-8D11-00A0C91BC942}") = "MemoryManager", "MemoryManager\MemoryManager.vcxproj", "{43517E8E-69A4-43F8-A725-98B3C8141B75}"
EndProject
Global
	GlobalSection(SolutionConfigurationPlatforms) = preSolution
		Custom mem manager debug|x64 = Custom mem manager debug|x64
		Custom mem manager debug|x86 = Custom mem manager debug|x86
		Debug|x64 = Debug|x64
		Debug|x86 = Debug|x86
		Release|x64 = Release|x64
		Release|x86 = Release|x86
	EndGlobalSection
	GlobalSection(ProjectConfigurationPlatforms) = postSolution
		{43517E8E-69A4-43F8-A725-98B3C8141B75}.Custom mem manager debug|x64.ActiveCfg = Custom mem manager debug|x64
		{43517E8E-69A4-43F8-A725-98B3C8141B75}.Custom mem manager debug|x64.Build.0 = Custom mem manager debug|x64
		{43517E8E-69A4-43F8-A725-98B3C8141B75}.Custom mem manager debug|x86.ActiveCfg = Custom mem manager debug|Win32
		{43517E8E-69A4-43F8-A725-98B3C8141B75}.Custom mem manager debug|x86.Build.0 = Custom mem manager debug|Win32
		{43517E8E-69A4-43F8-A725-98B3C8141B75}.Debug|x64.ActiveCfg = Debug|x64
		{43517E8E-69A4-43F8-A725-98B3C8141B75}.Debug|x64.Build.0 = Debug|x64
		{43517E8E-69A4-43F8-A725-98B3C8141B75}.Debug|x86.ActiveCfg = Debug|Win32
		{43517E8E-69A4-43F8-A725-98B3C8141B75}.Debug|x86.Build.0 = Debug|Win32
		{43517E8E-69A4-43F8-A725-98B3C8141B75}.Release|x64.ActiveCfg = Release|x64
		{43517E8E-69A4-43F8-A725-98B3C8141B75}.Release|x64.Build.0 = Release|x64
		{43517E8E-69A4-43F8-A725-98B3C8141B75}.Release|x86.ActiveCfg = Release|Win32
		{43517E8E-69A4-43F8-A725-98B3C8141B75}.Release|x86.Build.0 = Release|Win32
	EndGlobalSection
	GlobalSection(SolutionProperties) = preSolution
		HideSolutionNode = FALSE
	EndGlobalSection
	GlobalSection(ExtensibilityGlobals) = postSolution
		SolutionGuid = {38657066-40E7-4B01-91E6-DFAFCC65FA2A}
	EndGlobalSection
EndGlobal
